
Microsoft Visual Studio Solution File, Format Version 12.00
# Visual Studio 15
VisualStudioVersion = 15.0.28010.2026
MinimumVisualStudioVersion = 10.0.40219.1
Project("{FAE04EC0-301F-11D3-BF4B-00C04F79EFBC}") = "ProvaCalc.Android", "ProvaCalc\ProvaCalc.Android\ProvaCalc.Android.csproj", "{68FE8527-A3B2-4CDA-B83F-0772F8A3ABDB}"
EndProject
Project("{FAE04EC0-301F-11D3-BF4B-00C04F79EFBC}") = "ProvaCalc.iOS", "ProvaCalc\ProvaCalc.iOS\ProvaCalc.iOS.csproj", "{E839616D-C404-4D8F-8F18-10AC1D5E18C3}"
EndProject
Project("{FAE04EC0-301F-11D3-BF4B-00C04F79EFBC}") = "ProvaCalc", "ProvaCalc\ProvaCalc\ProvaCalc.csproj", "{14E309BD-17BA-4F7A-B8ED-16BCC97C27F5}"
EndProject
Global
	GlobalSection(SolutionConfigurationPlatforms) = preSolution
		Ad-Hoc|Any CPU = Ad-Hoc|Any CPU
		Ad-Hoc|iPhone = Ad-Hoc|iPhone
		Ad-Hoc|iPhoneSimulator = Ad-Hoc|iPhoneSimulator
		AppStore|Any CPU = AppStore|Any CPU
		AppStore|iPhone = AppStore|iPhone
		AppStore|iPhoneSimulator = AppStore|iPhoneSimulator
		Debug|Any CPU = Debug|Any CPU
		Debug|iPhone = Debug|iPhone
		Debug|iPhoneSimulator = Debug|iPhoneSimulator
		Release|Any CPU = Release|Any CPU
		Release|iPhone = Release|iPhone
		Release|iPhoneSimulator = Release|iPhoneSimulator
	EndGlobalSection
	GlobalSection(ProjectConfigurationPlatforms) = postSolution
		{68FE8527-A3B2-4CDA-B83F-0772F8A3ABDB}.Ad-Hoc|Any CPU.ActiveCfg = Release|Any CPU
		{68FE8527-A3B2-4CDA-B83F-0772F8A3ABDB}.Ad-Hoc|Any CPU.Build.0 = Release|Any CPU
		{68FE8527-A3B2-4CDA-B83F-0772F8A3ABDB}.Ad-Hoc|Any CPU.Deploy.0 = Release|Any CPU
		{68FE8527-A3B2-4CDA-B83F-0772F8A3ABDB}.Ad-Hoc|iPhone.ActiveCfg = Release|Any CPU
		{68FE8527-A3B2-4CDA-B83F-0772F8A3ABDB}.Ad-Hoc|iPhone.Build.0 = Release|Any CPU
		{68FE8527-A3B2-4CDA-B83F-0772F8A3ABDB}.Ad-Hoc|iPhone.Deploy.0 = Release|Any CPU
		{68FE8527-A3B2-4CDA-B83F-0772F8A3ABDB}.Ad-Hoc|iPhoneSimulator.ActiveCfg = Release|Any CPU
		{68FE8527-A3B2-4CDA-B83F-0772F8A3ABDB}.Ad-Hoc|iPhoneSimulator.Build.0 = Release|Any CPU
		{68FE8527-A3B2-4CDA-B83F-0772F8A3ABDB}.Ad-Hoc|iPhoneSimulator.Deploy.0 = Release|Any CPU
		{68FE8527-A3B2-4CDA-B83F-0772F8A3ABDB}.AppStore|Any CPU.ActiveCfg = Release|Any CPU
		{68FE8527-A3B2-4CDA-B83F-0772F8A3ABDB}.AppStore|Any CPU.Build.0 = Release|Any CPU
		{68FE8527-A3B2-4CDA-B83F-0772F8A3ABDB}.AppStore|Any CPU.Deploy.0 = Release|Any CPU
		{68FE8527-A3B2-4CDA-B83F-0772F8A3ABDB}.AppStore|iPhone.ActiveCfg = Release|Any CPU
		{68FE8527-A3B2-4CDA-B83F-0772F8A3ABDB}.AppStore|iPhone.Build.0 = Release|Any CPU
		{68FE8527-A3B2-4CDA-B83F-0772F8A3ABDB}.AppStore|iPhone.Deploy.0 = Release|Any CPU
		{68FE8527-A3B2-4CDA-B83F-0772F8A3ABDB}.AppStore|iPhoneSimulator.ActiveCfg = Release|Any CPU
		{68FE8527-A3B2-4CDA-B83F-0772F8A3ABDB}.AppStore|iPhoneSimulator.Build.0 = Release|Any CPU
		{68FE8527-A3B2-4CDA-B83F-0772F8A3ABDB}.AppStore|iPhoneSimulator.Deploy.0 = Release|Any CPU
		{68FE8527-A3B2-4CDA-B83F-0772F8A3ABDB}.Debug|Any CPU.ActiveCfg = Debug|Any CPU
		{68FE8527-A3B2-4CDA-B83F-0772F8A3ABDB}.Debug|Any CPU.Build.0 = Debug|Any CPU
		{68FE8527-A3B2-4CDA-B83F-0772F8A3ABDB}.Debug|Any CPU.Deploy.0 = Debug|Any CPU
		{68FE8527-A3B2-4CDA-B83F-0772F8A3ABDB}.Debug|iPhone.ActiveCfg = Debug|Any CPU
		{68FE8527-A3B2-4CDA-B83F-0772F8A3ABDB}.Debug|iPhone.Build.0 = Debug|Any CPU
		{68FE8527-A3B2-4CDA-B83F-0772F8A3ABDB}.Debug|iPhone.Deploy.0 = Debug|Any CPU
		{68FE8527-A3B2-4CDA-B83F-0772F8A3ABDB}.Debug|iPhoneSimulator.ActiveCfg = Debug|Any CPU
		{68FE8527-A3B2-4CDA-B83F-0772F8A3ABDB}.Debug|iPhoneSimulator.Build.0 = Debug|Any CPU
		{68FE8527-A3B2-4CDA-B83F-0772F8A3ABDB}.Debug|iPhoneSimulator.Deploy.0 = Debug|Any CPU
		{68FE8527-A3B2-4CDA-B83F-0772F8A3ABDB}.Release|Any CPU.ActiveCfg = Release|Any CPU
		{68FE8527-A3B2-4CDA-B83F-0772F8A3ABDB}.Release|Any CPU.Build.0 = Release|Any CPU
		{68FE8527-A3B2-4CDA-B83F-0772F8A3ABDB}.Release|Any CPU.Deploy.0 = Release|Any CPU
		{68FE8527-A3B2-4CDA-B83F-0772F8A3ABDB}.Release|iPhone.ActiveCfg = Release|Any CPU
		{68FE8527-A3B2-4CDA-B83F-0772F8A3ABDB}.Release|iPhone.Build.0 = Release|Any CPU
		{68FE8527-A3B2-4CDA-B83F-0772F8A3ABDB}.Release|iPhone.Deploy.0 = Release|Any CPU
		{68FE8527-A3B2-4CDA-B83F-0772F8A3ABDB}.Release|iPhoneSimulator.ActiveCfg = Release|Any CPU
		{68FE8527-A3B2-4CDA-B83F-0772F8A3ABDB}.Release|iPhoneSimulator.Build.0 = Release|Any CPU
		{68FE8527-A3B2-4CDA-B83F-0772F8A3ABDB}.Release|iPhoneSimulator.Deploy.0 = Release|Any CPU
		{E839616D-C404-4D8F-8F18-10AC1D5E18C3}.Ad-Hoc|Any CPU.ActiveCfg = Ad-Hoc|iPhone
		{E839616D-C404-4D8F-8F18-10AC1D5E18C3}.Ad-Hoc|Any CPU.Build.0 = Ad-Hoc|iPhone
		{E839616D-C404-4D8F-8F18-10AC1D5E18C3}.Ad-Hoc|Any CPU.Deploy.0 = Ad-Hoc|iPhone
		{E839616D-C404-4D8F-8F18-10AC1D5E18C3}.Ad-Hoc|iPhone.ActiveCfg = Ad-Hoc|iPhone
		{E839616D-C404-4D8F-8F18-10AC1D5E18C3}.Ad-Hoc|iPhone.Build.0 = Ad-Hoc|iPhone
		{E839616D-C404-4D8F-8F18-10AC1D5E18C3}.Ad-Hoc|iPhone.Deploy.0 = Ad-Hoc|iPhone
		{E839616D-C404-4D8F-8F18-10AC1D5E18C3}.Ad-Hoc|iPhoneSimulator.ActiveCfg = Ad-Hoc|iPhoneSimulator
		{E839616D-C404-4D8F-8F18-10AC1D5E18C3}.Ad-Hoc|iPhoneSimulator.Build.0 = Ad-Hoc|iPhoneSimulator
		{E839616D-C404-4D8F-8F18-10AC1D5E18C3}.Ad-Hoc|iPhoneSimulator.Deploy.0 = Ad-Hoc|iPhoneSimulator
		{E839616D-C404-4D8F-8F18-10AC1D5E18C3}.AppStore|Any CPU.ActiveCfg = AppStore|iPhone
		{E839616D-C404-4D8F-8F18-10AC1D5E18C3}.AppStore|Any CPU.Build.0 = AppStore|iPhone
		{E839616D-C404-4D8F-8F18-10AC1D5E18C3}.AppStore|Any CPU.Deploy.0 = AppStore|iPhone
		{E839616D-C404-4D8F-8F18-10AC1D5E18C3}.AppStore|iPhone.ActiveCfg = AppStore|iPhone
		{E839616D-C404-4D8F-8F18-10AC1D5E18C3}.AppStore|iPhone.Build.0 = AppStore|iPhone
		{E839616D-C404-4D8F-8F18-10AC1D5E18C3}.AppStore|iPhone.Deploy.0 = AppStore|iPhone
		{E839616D-C404-4D8F-8F18-10AC1D5E18C3}.AppStore|iPhoneSimulator.ActiveCfg = AppStore|iPhoneSimulator
		{E839616D-C404-4D8F-8F18-10AC1D5E18C3}.AppStore|iPhoneSimulator.Build.0 = AppStore|iPhoneSimulator
		{E839616D-C404-4D8F-8F18-10AC1D5E18C3}.AppStore|iPhoneSimulator.Deploy.0 = AppStore|iPhoneSimulator
		{E839616D-C404-4D8F-8F18-10AC1D5E18C3}.Debug|Any CPU.ActiveCfg = Debug|iPhoneSimulator
		{E839616D-C404-4D8F-8F18-10AC1D5E18C3}.Debug|Any CPU.Build.0 = Debug|iPhoneSimulator
		{E839616D-C404-4D8F-8F18-10AC1D5E18C3}.Debug|Any CPU.Deploy.0 = Debug|iPhoneSimulator
		{E839616D-C404-4D8F-8F18-10AC1D5E18C3}.Debug|iPhone.ActiveCfg = Debug|iPhone
		{E839616D-C404-4D8F-8F18-10AC1D5E18C3}.Debug|iPhone.Build.0 = Debug|iPhone
		{E839616D-C404-4D8F-8F18-10AC1D5E18C3}.Debug|iPhone.Deploy.0 = Debug|iPhone
		{E839616D-C404-4D8F-8F18-10AC1D5E18C3}.Debug|iPhoneSimulator.ActiveCfg = Debug|iPhoneSimulator
		{E839616D-C404-4D8F-8F18-10AC1D5E18C3}.Debug|iPhoneSimulator.Build.0 = Debug|iPhoneSimulator
		{E839616D-C404-4D8F-8F18-10AC1D5E18C3}.Debug|iPhoneSimulator.Deploy.0 = Debug|iPhoneSimulator
		{E839616D-C404-4D8F-8F18-10AC1D5E18C3}.Release|Any CPU.ActiveCfg = Release|iPhone
		{E839616D-C404-4D8F-8F18-10AC1D5E18C3}.Release|Any CPU.Build.0 = Release|iPhone
		{E839616D-C404-4D8F-8F18-10AC1D5E18C3}.Release|Any CPU.Deploy.0 = Release|iPhone
		{E839616D-C404-4D8F-8F18-10AC1D5E18C3}.Release|iPhone.ActiveCfg = Release|iPhone
		{E839616D-C404-4D8F-8F18-10AC1D5E18C3}.Release|iPhone.Build.0 = Release|iPhone
		{E839616D-C404-4D8F-8F18-10AC1D5E18C3}.Release|iPhone.Deploy.0 = Release|iPhone
		{E839616D-C404-4D8F-8F18-10AC1D5E18C3}.Release|iPhoneSimulator.ActiveCfg = Release|iPhoneSimulator
		{E839616D-C404-4D8F-8F18-10AC1D5E18C3}.Release|iPhoneSimulator.Build.0 = Release|iPhoneSimulator
		{E839616D-C404-4D8F-8F18-10AC1D5E18C3}.Release|iPhoneSimulator.Deploy.0 = Release|iPhoneSimulator
		{14E309BD-17BA-4F7A-B8ED-16BCC97C27F5}.Ad-Hoc|Any CPU.ActiveCfg = Debug|Any CPU
		{14E309BD-17BA-4F7A-B8ED-16BCC97C27F5}.Ad-Hoc|Any CPU.Build.0 = Debug|Any CPU
		{14E309BD-17BA-4F7A-B8ED-16BCC97C27F5}.Ad-Hoc|Any CPU.Deploy.0 = Debug|Any CPU
		{14E309BD-17BA-4F7A-B8ED-16BCC97C27F5}.Ad-Hoc|iPhone.ActiveCfg = Debug|Any CPU
		{14E309BD-17BA-4F7A-B8ED-16BCC97C27F5}.Ad-Hoc|iPhone.Build.0 = Debug|Any CPU
		{14E309BD-17BA-4F7A-B8ED-16BCC97C27F5}.Ad-Hoc|iPhone.Deploy.0 = Debug|Any CPU
		{14E309BD-17BA-4F7A-B8ED-16BCC97C27F5}.Ad-Hoc|iPhoneSimulator.ActiveCfg = Debug|Any CPU
		{14E309BD-17BA-4F7A-B8ED-16BCC97C27F5}.Ad-Hoc|iPhoneSimulator.Build.0 = Debug|Any CPU
		{14E309BD-17BA-4F7A-B8ED-16BCC97C27F5}.Ad-Hoc|iPhoneSimulator.Deploy.0 = Debug|Any CPU
		{14E309BD-17BA-4F7A-B8ED-16BCC97C27F5}.AppStore|Any CPU.ActiveCfg = Debug|Any CPU
		{14E309BD-17BA-4F7A-B8ED-16BCC97C27F5}.AppStore|Any CPU.Build.0 = Debug|Any CPU
		{14E309BD-17BA-4F7A-B8ED-16BCC97C27F5}.AppStore|Any CPU.Deploy.0 = Debug|Any CPU
		{14E309BD-17BA-4F7A-B8ED-16BCC97C27F5}.AppStore|iPhone.ActiveCfg = Debug|Any CPU
		{14E309BD-17BA-4F7A-B8ED-16BCC97C27F5}.AppStore|iPhone.Build.0 = Debug|Any CPU
		{14E309BD-17BA-4F7A-B8ED-16BCC97C27F5}.AppStore|iPhone.Deploy.0 = Debug|Any CPU
		{14E309BD-17BA-4F7A-B8ED-16BCC97C27F5}.AppStore|iPhoneSimulator.ActiveCfg = Debug|Any CPU
		{14E309BD-17BA-4F7A-B8ED-16BCC97C27F5}.AppStore|iPhoneSimulator.Build.0 = Debug|Any CPU
		{14E309BD-17BA-4F7A-B8ED-16BCC97C27F5}.AppStore|iPhoneSimulator.Deploy.0 = Debug|Any CPU
		{14E309BD-17BA-4F7A-B8ED-16BCC97C27F5}.Debug|Any CPU.ActiveCfg = Debug|Any CPU
		{14E309BD-17BA-4F7A-B8ED-16BCC97C27F5}.Debug|Any CPU.Build.0 = Debug|Any CPU
		{14E309BD-17BA-4F7A-B8ED-16BCC97C27F5}.Debug|Any CPU.Deploy.0 = Debug|Any CPU
		{14E309BD-17BA-4F7A-B8ED-16BCC97C27F5}.Debug|iPhone.ActiveCfg = Debug|Any CPU
		{14E309BD-17BA-4F7A-B8ED-16BCC97C27F5}.Debug|iPhone.Build.0 = Debug|Any CPU
		{14E309BD-17BA-4F7A-B8ED-16BCC97C27F5}.Debug|iPhone.Deploy.0 = Debug|Any CPU
		{14E309BD-17BA-4F7A-B8ED-16BCC97C27F5}.Debug|iPhoneSimulator.ActiveCfg = Debug|Any CPU
		{14E309BD-17BA-4F7A-B8ED-16BCC97C27F5}.Debug|iPhoneSimulator.Build.0 = Debug|Any CPU
		{14E309BD-17BA-4F7A-B8ED-16BCC97C27F5}.Debug|iPhoneSimulator.Deploy.0 = Debug|Any CPU
		{14E309BD-17BA-4F7A-B8ED-16BCC97C27F5}.Release|Any CPU.ActiveCfg = Release|Any CPU
		{14E309BD-17BA-4F7A-B8ED-16BCC97C27F5}.Release|Any CPU.Build.0 = Release|Any CPU
		{14E309BD-17BA-4F7A-B8ED-16BCC97C27F5}.Release|Any CPU.Deploy.0 = Release|Any CPU
		{14E309BD-17BA-4F7A-B8ED-16BCC97C27F5}.Release|iPhone.ActiveCfg = Release|Any CPU
		{14E309BD-17BA-4F7A-B8ED-16BCC97C27F5}.Release|iPhone.Build.0 = Release|Any CPU
		{14E309BD-17BA-4F7A-B8ED-16BCC97C27F5}.Release|iPhone.Deploy.0 = Release|Any CPU
		{14E309BD-17BA-4F7A-B8ED-16BCC97C27F5}.Release|iPhoneSimulator.ActiveCfg = Release|Any CPU
		{14E309BD-17BA-4F7A-B8ED-16BCC97C27F5}.Release|iPhoneSimulator.Build.0 = Release|Any CPU
		{14E309BD-17BA-4F7A-B8ED-16BCC97C27F5}.Release|iPhoneSimulator.Deploy.0 = Release|Any CPU
	EndGlobalSection
	GlobalSection(SolutionProperties) = preSolution
		HideSolutionNode = FALSE
	EndGlobalSection
	GlobalSection(ExtensibilityGlobals) = postSolution
		SolutionGuid = {0238FBEE-9C95-4802-B14E-D42F4C73107D}
	EndGlobalSection
EndGlobal
